
Microsoft Visual Studio Solution File, Format Version 12.00
# Visual Studio 15
VisualStudioVersion = 15.0.26730.12
MinimumVisualStudioVersion = 10.0.40219.1
Project("{FAE04EC0-301F-11D3-BF4B-00C04F79EFBC}") = "XMLTransformer", "XMLTransformer\XMLTransformer.csproj", "{0F0FBE04-7364-4D0E-8E72-C08101D7840E}"
EndProject
Project("{FAE04EC0-301F-11D3-BF4B-00C04F79EFBC}") = "XMLHelper", "XMLHelper\XMLHelper.csproj", "{402E760B-9D23-4F75-9B3B-55E3FBA670F1}"
EndProject
Project("{FAE04EC0-301F-11D3-BF4B-00C04F79EFBC}") = "FilesHelper", "FilesHelper\FilesHelper.csproj", "{F2A54A86-A712-4DF5-8F3A-F195F41F2116}"
EndProject
Global
	GlobalSection(SolutionConfigurationPlatforms) = preSolution
		Debug|Any CPU = Debug|Any CPU
		Release|Any CPU = Release|Any CPU
	EndGlobalSection
	GlobalSection(ProjectConfigurationPlatforms) = postSolution
		{0F0FBE04-7364-4D0E-8E72-C08101D7840E}.Debug|Any CPU.ActiveCfg = Debug|Any CPU
		{0F0FBE04-7364-4D0E-8E72-C08101D7840E}.Debug|Any CPU.Build.0 = Debug|Any CPU
		{0F0FBE04-7364-4D0E-8E72-C08101D7840E}.Release|Any CPU.ActiveCfg = Release|Any CPU
		{0F0FBE04-7364-4D0E-8E72-C08101D7840E}.Release|Any CPU.Build.0 = Release|Any CPU
		{402E760B-9D23-4F75-9B3B-55E3FBA670F1}.Debug|Any CPU.ActiveCfg = Debug|Any CPU
		{402E760B-9D23-4F75-9B3B-55E3FBA670F1}.Debug|Any CPU.Build.0 = Debug|Any CPU
		{402E760B-9D23-4F75-9B3B-55E3FBA670F1}.Release|Any CPU.ActiveCfg = Release|Any CPU
		{402E760B-9D23-4F75-9B3B-55E3FBA670F1}.Release|Any CPU.Build.0 = Release|Any CPU
		{F2A54A86-A712-4DF5-8F3A-F195F41F2116}.Debug|Any CPU.ActiveCfg = Debug|Any CPU
		{F2A54A86-A712-4DF5-8F3A-F195F41F2116}.Debug|Any CPU.Build.0 = Debug|Any CPU
		{F2A54A86-A712-4DF5-8F3A-F195F41F2116}.Release|Any CPU.ActiveCfg = Release|Any CPU
		{F2A54A86-A712-4DF5-8F3A-F195F41F2116}.Release|Any CPU.Build.0 = Release|Any CPU
	EndGlobalSection
	GlobalSection(SolutionProperties) = preSolution
		HideSolutionNode = FALSE
	EndGlobalSection
	GlobalSection(ExtensibilityGlobals) = postSolution
		SolutionGuid = {715C3711-CDE1-49D6-8B3C-7D1F6E4174F4}
	EndGlobalSection
EndGlobal
